
Microsoft Visual Studio Solution File, Format Version 12.00
# Visual Studio Version 17
VisualStudioVersion = 17.1.32319.34
MinimumVisualStudioVersion = 10.0.40219.1
Project("{FAE04EC0-301F-11D3-BF4B-00C04F79EFBC}") = "ProgrammeringsopgavePraktik", "ProgrammeringsopgavePraktik\ProgrammeringsopgavePraktik.csproj", "{8119AAA7-5908-45DB-AD14-EA2B03C20881}"
EndProject
Global
	GlobalSection(SolutionConfigurationPlatforms) = preSolution
		Debug|Any CPU = Debug|Any CPU
		Release|Any CPU = Release|Any CPU
	EndGlobalSection
	GlobalSection(ProjectConfigurationPlatforms) = postSolution
		{8119AAA7-5908-45DB-AD14-EA2B03C20881}.Debug|Any CPU.ActiveCfg = Debug|Any CPU
		{8119AAA7-5908-45DB-AD14-EA2B03C20881}.Debug|Any CPU.Build.0 = Debug|Any CPU
		{8119AAA7-5908-45DB-AD14-EA2B03C20881}.Release|Any CPU.ActiveCfg = Release|Any CPU
		{8119AAA7-5908-45DB-AD14-EA2B03C20881}.Release|Any CPU.Build.0 = Release|Any CPU
	EndGlobalSection
	GlobalSection(SolutionProperties) = preSolution
		HideSolutionNode = FALSE
	EndGlobalSection
	GlobalSection(ExtensibilityGlobals) = postSolution
		SolutionGuid = {EEB8BB30-21D0-4403-8F7C-B54C49B7E8E3}
	EndGlobalSection
EndGlobal
